<?xml version="1.0" encoding="utf-8"?>
<Project ToolsVersion="4.0" xmlns="http://schemas.microsoft.com/developer/msbuild/2003">
  <ItemGroup>
    <Filter Include="Sources">
      <UniqueIdentifier>{4FC737F1-C7A5-4376-A066-2A32D752A2FF}</UniqueIdentifier>
      <Extensions>cpp;c;cc;cxx;def;odl;idl;hpj;bat;asm;asmx</Extensions>
    </Filter>
    <Filter Include="Sources\base">
      <UniqueIdentifier>{6961962d-fda1-4b43-863e-5e754aff7d23}</UniqueIdentifier>
    </Filter>
    <Filter Include="Sources\util">
      <UniqueIdentifier>{aad6f2fe-bf63-4ee6-a599-a03821d85ac5}</UniqueIdentifier>
    </Filter>
    <Filter Include="Sources\subcommands">
      <UniqueIdentifier>{2477f672-4593-431e-8f19-47f90aee7696}</UniqueIdentifier>
    </Filter>
    <Filter Include="Sources\data">
      <UniqueIdentifier>{81d2d871-f914-4a28-9309-5e9cc40c4c1d}</UniqueIdentifier>
    </Filter>
    <Filter Include="Examples">
      <UniqueIdentifier>{9714e84f-f307-4326-afc1-9562a8c1b21f}</UniqueIdentifier>
    </Filter>
  </ItemGroup>
  <ItemGroup>
    <ClInclude Include="base\subcommand.h">
      <Filter>Sources\base</Filter>
    </ClInclude>
    <ClInclude Include="base\subcommand_list.h">
      <Filter>Sources\base</Filter>
    </ClInclude>
    <ClInclude Include="data\score_file.h">
      <Filter>Sources\data</Filter>
    </ClInclude>
    <ClInclude Include="subcommands\help_subcommand.h">
      <Filter>Sources\subcommands</Filter>
    </ClInclude>
    <ClInclude Include="subcommands\profile_subcommand.h">
      <Filter>Sources\subcommands</Filter>
    </ClInclude>
    <ClInclude Include="util\executable_path.h">
      <Filter>Sources\util</Filter>
    </ClInclude>
    <ClInclude Include="util\program_options.h">
      <Filter>Sources\util</Filter>
    </ClInclude>
    <ClInclude Include="util\log.h">
      <Filter>Sources\util</Filter>
    </ClInclude>
    <ClInclude Include="data\bim_file.h">
      <Filter>Sources\data</Filter>
    </ClInclude>
    <ClInclude Include="data\fam_file.h">
      <Filter>Sources\data</Filter>
    </ClInclude>
    <ClInclude Include="data\text_file_reader.h">
      <Filter>Sources\data</Filter>
    </ClInclude>
    <ClInclude Include="base\global_variables.h">
      <Filter>Sources\base</Filter>
    </ClInclude>
    <ClInclude Include="data\bed_file.h">
      <Filter>Sources\data</Filter>
    </ClInclude>
  </ItemGroup>
  <ItemGroup>
    <ClCompile Include="base\gplus.cpp">
      <Filter>Sources\base</Filter>
    </ClCompile>
    <ClCompile Include="base\subcommand_list.cpp">
      <Filter>Sources\base</Filter>
    </ClCompile>
    <ClCompile Include="subcommands\help_subcommand.cpp">
      <Filter>Sources\subcommands</Filter>
    </ClCompile>
    <ClCompile Include="subcommands\profile_subcommand.cpp">
      <Filter>Sources\subcommands</Filter>
    </ClCompile>
    <ClCompile Include="util\executable_path.cpp">
      <Filter>Sources\util</Filter>
    </ClCompile>
    <ClCompile Include="data\score_file.cpp">
      <Filter>Sources\data</Filter>
    </ClCompile>
    <ClCompile Include="util\program_options.cpp">
      <Filter>Sources\util</Filter>
    </ClCompile>
    <ClCompile Include="util\log.cpp">
      <Filter>Sources\util</Filter>
    </ClCompile>
    <ClCompile Include="data\bim_file.cpp">
      <Filter>Sources\data</Filter>
    </ClCompile>
    <ClCompile Include="data\fam_file.cpp">
      <Filter>Sources\data</Filter>
    </ClCompile>
    <ClCompile Include="data\text_file_reader.cpp">
      <Filter>Sources\data</Filter>
    </ClCompile>
    <ClCompile Include="data\bed_file.cpp">
      <Filter>Sources\data</Filter>
    </ClCompile>
  </ItemGroup>
  <ItemGroup>
    <None Include="README.md" />
    <None Include="examples\test.bim">
      <Filter>Examples</Filter>
    </None>
    <None Include="examples\test.fam">
      <Filter>Examples</Filter>
    </None>
  </ItemGroup>
  <ItemGroup>
    <Text Include="examples\scores.txt">
      <Filter>Examples</Filter>
    </Text>
  </ItemGroup>
</Project>